
Microsoft Visual Studio Solution File, Format Version 12.00
# Visual Studio Version 17
VisualStudioVersion = 17.0.31903.59
MinimumVisualStudioVersion = 10.0.40219.1
Project("{9A19103F-16F7-4668-BE54-9A1E7A4F7556}") = "FinanceTracker.Service", "FinanceTracker.Service\FinanceTracker.Service.csproj", "{6DA69BB9-9144-42B7-AA4C-E1A2B41E6732}"
EndProject
Project("{2150E333-8FDC-42A3-9474-1A3956D46DE8}") = "Common", "Common", "{206736FA-837A-4852-A199-C26C1243266F}"
EndProject
Project("{9A19103F-16F7-4668-BE54-9A1E7A4F7556}") = "FinanceTracker.Common", "Common\FinanceTracker.Common\FinanceTracker.Common.csproj", "{A2DC5629-D077-4C30-A699-71A3338F6C3C}"
EndProject
Project("{9A19103F-16F7-4668-BE54-9A1E7A4F7556}") = "FinanceTracker.DependencyManager", "Common\FinanceTracker.DependencyManager\FinanceTracker.DependencyManager.csproj", "{103FC9F7-102E-4CE5-BE7A-876A2B6167B1}"
EndProject
Project("{9A19103F-16F7-4668-BE54-9A1E7A4F7556}") = "FinanceTracker.EntityFramework", "Common\FinanceTracker.EntityFramework\FinanceTracker.EntityFramework.csproj", "{A1BD1C03-5EEE-4A1C-AD47-1E78EB6C7BAD}"
EndProject
Project("{2150E333-8FDC-42A3-9474-1A3956D46DE8}") = "Domains", "Domains", "{72EBF3E7-50AC-47BE-8564-FBB52BA58FE0}"
EndProject
Project("{FAE04EC0-301F-11D3-BF4B-00C04F79EFBC}") = "FinanceTracker.ConsoleApp", "FinanceTracker.ConsoleApp\FinanceTracker.ConsoleApp.csproj", "{55039EB6-FE45-4E91-AFC2-2DD5FA3FDDF0}"
EndProject
Project("{FAE04EC0-301F-11D3-BF4B-00C04F79EFBC}") = "FinanceTracker.BillDomain", "Domains\FinanceTracker.BillDomain\FinanceTracker.BillDomain.csproj", "{5A6E29A8-D6D6-4A3E-B63F-6A3799851681}"
EndProject
Project("{FAE04EC0-301F-11D3-BF4B-00C04F79EFBC}") = "FinanceTracker.MQWorkerService", "FinanceTracker.MQWorkerService\FinanceTracker.MQWorkerService.csproj", "{5F2CA581-73E9-40C5-A5BE-1DEBAA6E6CDC}"
EndProject
Global
	GlobalSection(SolutionConfigurationPlatforms) = preSolution
		Debug|Any CPU = Debug|Any CPU
		Release|Any CPU = Release|Any CPU
	EndGlobalSection
	GlobalSection(ProjectConfigurationPlatforms) = postSolution
		{6DA69BB9-9144-42B7-AA4C-E1A2B41E6732}.Debug|Any CPU.ActiveCfg = Debug|Any CPU
		{6DA69BB9-9144-42B7-AA4C-E1A2B41E6732}.Debug|Any CPU.Build.0 = Debug|Any CPU
		{6DA69BB9-9144-42B7-AA4C-E1A2B41E6732}.Release|Any CPU.ActiveCfg = Release|Any CPU
		{6DA69BB9-9144-42B7-AA4C-E1A2B41E6732}.Release|Any CPU.Build.0 = Release|Any CPU
		{A2DC5629-D077-4C30-A699-71A3338F6C3C}.Debug|Any CPU.ActiveCfg = Debug|Any CPU
		{A2DC5629-D077-4C30-A699-71A3338F6C3C}.Debug|Any CPU.Build.0 = Debug|Any CPU
		{A2DC5629-D077-4C30-A699-71A3338F6C3C}.Release|Any CPU.ActiveCfg = Release|Any CPU
		{A2DC5629-D077-4C30-A699-71A3338F6C3C}.Release|Any CPU.Build.0 = Release|Any CPU
		{103FC9F7-102E-4CE5-BE7A-876A2B6167B1}.Debug|Any CPU.ActiveCfg = Debug|Any CPU
		{103FC9F7-102E-4CE5-BE7A-876A2B6167B1}.Debug|Any CPU.Build.0 = Debug|Any CPU
		{103FC9F7-102E-4CE5-BE7A-876A2B6167B1}.Release|Any CPU.ActiveCfg = Release|Any CPU
		{103FC9F7-102E-4CE5-BE7A-876A2B6167B1}.Release|Any CPU.Build.0 = Release|Any CPU
		{A1BD1C03-5EEE-4A1C-AD47-1E78EB6C7BAD}.Debug|Any CPU.ActiveCfg = Debug|Any CPU
		{A1BD1C03-5EEE-4A1C-AD47-1E78EB6C7BAD}.Debug|Any CPU.Build.0 = Debug|Any CPU
		{A1BD1C03-5EEE-4A1C-AD47-1E78EB6C7BAD}.Release|Any CPU.ActiveCfg = Release|Any CPU
		{A1BD1C03-5EEE-4A1C-AD47-1E78EB6C7BAD}.Release|Any CPU.Build.0 = Release|Any CPU
		{55039EB6-FE45-4E91-AFC2-2DD5FA3FDDF0}.Debug|Any CPU.ActiveCfg = Debug|Any CPU
		{55039EB6-FE45-4E91-AFC2-2DD5FA3FDDF0}.Debug|Any CPU.Build.0 = Debug|Any CPU
		{55039EB6-FE45-4E91-AFC2-2DD5FA3FDDF0}.Release|Any CPU.ActiveCfg = Release|Any CPU
		{55039EB6-FE45-4E91-AFC2-2DD5FA3FDDF0}.Release|Any CPU.Build.0 = Release|Any CPU
		{5A6E29A8-D6D6-4A3E-B63F-6A3799851681}.Debug|Any CPU.ActiveCfg = Debug|Any CPU
		{5A6E29A8-D6D6-4A3E-B63F-6A3799851681}.Debug|Any CPU.Build.0 = Debug|Any CPU
		{5A6E29A8-D6D6-4A3E-B63F-6A3799851681}.Release|Any CPU.ActiveCfg = Release|Any CPU
		{5A6E29A8-D6D6-4A3E-B63F-6A3799851681}.Release|Any CPU.Build.0 = Release|Any CPU
		{5F2CA581-73E9-40C5-A5BE-1DEBAA6E6CDC}.Debug|Any CPU.ActiveCfg = Debug|Any CPU
		{5F2CA581-73E9-40C5-A5BE-1DEBAA6E6CDC}.Debug|Any CPU.Build.0 = Debug|Any CPU
		{5F2CA581-73E9-40C5-A5BE-1DEBAA6E6CDC}.Release|Any CPU.ActiveCfg = Release|Any CPU
		{5F2CA581-73E9-40C5-A5BE-1DEBAA6E6CDC}.Release|Any CPU.Build.0 = Release|Any CPU
	EndGlobalSection
	GlobalSection(SolutionProperties) = preSolution
		HideSolutionNode = FALSE
	EndGlobalSection
	GlobalSection(NestedProjects) = preSolution
		{A2DC5629-D077-4C30-A699-71A3338F6C3C} = {206736FA-837A-4852-A199-C26C1243266F}
		{103FC9F7-102E-4CE5-BE7A-876A2B6167B1} = {206736FA-837A-4852-A199-C26C1243266F}
		{A1BD1C03-5EEE-4A1C-AD47-1E78EB6C7BAD} = {206736FA-837A-4852-A199-C26C1243266F}
		{5A6E29A8-D6D6-4A3E-B63F-6A3799851681} = {72EBF3E7-50AC-47BE-8564-FBB52BA58FE0}
	EndGlobalSection
	GlobalSection(ExtensibilityGlobals) = postSolution
		SolutionGuid = {64372AA7-B5C3-49AC-900B-5FD5BCC272A0}
	EndGlobalSection
EndGlobal
